{
  "name": "auditer",
  "version": "0.1.0",
  "lockfileVersion": 3,
  "requires": true,
  "packages": {
    "": {
      "name": "auditer",
      "version": "0.1.0",
      "license": "MIT",
      "bin": {
        "auditer": "bin/auditer.js"
      },
      "engines": {
        "node": ">=12"
      }
    }
  }
}
